PODS:
  - FMDB (2.6.2):
    - FMDB/standard (= 2.6.2)
  - FMDB/standard (2.6.2)
  - GYDataCenter (0.1.1):
    - FMDB

DEPENDENCIES:
  - FMDB (~> 2.6.2)
  - GYDataCenter

SPEC CHECKSUMS:
  FMDB: 854a0341b4726e53276f2a8996f06f1b80f9259a
  GYDataCenter: 620dc2564589f50d2370a691303e0d7215f7c0af

PODFILE CHECKSUM: 4414c0303f32cee4c22a1c151429d21f88139e70

COCOAPODS: 1.3.1
