// !$*UTF8*$!
{
	archiveVersion = 1;
	classes = {
	};
	objectVersion = 48;
	objects = {

/* Begin PBXBuildFile section */
		25DC09792068F8AB00EFB510 /* AppDelegate.m in Sources */ = {isa = PBXBuildFile; fileRef = 25DC09782068F8AB00EFB510 /* AppDelegate.m */; };
		25DC097C2068F8AB00EFB510 /* ViewController.m in Sources */ = {isa = PBXBuildFile; fileRef = 25DC097B2068F8AB00EFB510 /* ViewController.m */; };
		25DC097F2068F8AB00EFB510 /* Main.storyboard in Resources */ = {isa = PBXBuildFile; fileRef = 25DC097D2068F8AB00EFB510 /* Main.storyboard */; };
		25DC09812068F8AB00EFB510 /* Assets.xcassets in Resources */ = {isa = PBXBuildFile; fileRef = 25DC09802068F8AB00EFB510 /* Assets.xcassets */; };
		25DC09842068F8AB00EFB510 /* LaunchScreen.storyboard in Resources */ = {isa = PBXBuildFile; fileRef = 25DC09822068F8AB00EFB510 /* LaunchScreen.storyboard */; };
		25DC09872068F8AB00EFB510 /* main.m in Sources */ = {isa = PBXBuildFile; fileRef = 25DC09862068F8AB00EFB510 /* main.m */; };
		25DC09A12068F97E00EFB510 /* JQFMDB.m in Sources */ = {isa = PBXBuildFile; fileRef = 25DC099F2068F97E00EFB510 /* JQFMDB.m */; };
		25DC09AE2068F99C00EFB510 /* FMDatabaseQueue.m in Sources */ = {isa = PBXBuildFile; fileRef = 25DC09A42068F99C00EFB510 /* FMDatabaseQueue.m */; };
		25DC09AF2068F99C00EFB510 /* FMDatabaseAdditions.m in Sources */ = {isa = PBXBuildFile; fileRef = 25DC09A72068F99C00EFB510 /* FMDatabaseAdditions.m */; };
		25DC09B02068F99C00EFB510 /* FMDatabase.m in Sources */ = {isa = PBXBuildFile; fileRef = 25DC09A82068F99C00EFB510 /* FMDatabase.m */; };
		25DC09B12068F99C00EFB510 /* FMDatabasePool.m in Sources */ = {isa = PBXBuildFile; fileRef = 25DC09AC2068F99C00EFB510 /* FMDatabasePool.m */; };
		25DC09B22068F99C00EFB510 /* FMResultSet.m in Sources */ = {isa = PBXBuildFile; fileRef = 25DC09AD2068F99C00EFB510 /* FMResultSet.m */; };
		25DC09B52068F9AD00EFB510 /* Person.m in Sources */ = {isa = PBXBuildFile; fileRef = 25DC09B32068F9AC00EFB510 /* Person.m */; };
/* End PBXBuildFile section */

/* Begin PBXFileReference section */
		25DC09742068F8AB00EFB510 /* ZPMFMDB.app */ = {isa = PBXFileReference; explicitFileType = wrapper.application; includeInIndex = 0; path = ZPMFMDB.app; sourceTree = BUILT_PRODUCTS_DIR; };
		25DC09772068F8AB00EFB510 /* AppDelegate.h */ = {isa = PBXFileReference; lastKnownFileType = sourcecode.c.h; path = AppDelegate.h; sourceTree = "<group>"; };
		25DC09782068F8AB00EFB510 /* AppDelegate.m */ = {isa = PBXFileReference; lastKnownFileType = sourcecode.c.objc; path = AppDelegate.m; sourceTree = "<group>"; };
		25DC097A2068F8AB00EFB510 /* ViewController.h */ = {isa = PBXFileReference; lastKnownFileType = sourcecode.c.h; path = ViewController.h; sourceTree = "<group>"; };
		25DC097B2068F8AB00EFB510 /* ViewController.m */ = {isa = PBXFileReference; lastKnownFileType = sourcecode.c.objc; path = ViewController.m; sourceTree = "<group>"; };
		25DC097E2068F8AB00EFB510 /* Base */ = {isa = PBXFileReference; lastKnownFileType = file.storyboard; name = Base; path = Base.lproj/Main.storyboard; sourceTree = "<group>"; };
		25DC09802068F8AB00EFB510 /* Assets.xcassets */ = {isa = PBXFileReference; lastKnownFileType = folder.assetcatalog; path = Assets.xcassets; sourceTree = "<group>"; };
		25DC09832068F8AB00EFB510 /* Base */ = {isa = PBXFileReference; lastKnownFileType = file.storyboard; name = Base; path = Base.lproj/LaunchScreen.storyboard; sourceTree = "<group>"; };
		25DC09852068F8AB00EFB510 /* Info.plist */ = {isa = PBXFileReference; lastKnownFileType = text.plist.xml; path = Info.plist; sourceTree = "<group>"; };
		25DC09862068F8AB00EFB510 /* main.m */ = {isa = PBXFileReference; lastKnownFileType = sourcecode.c.objc; path = main.m; sourceTree = "<group>"; };
		25DC099F2068F97E00EFB510 /* JQFMDB.m */ = {isa = PBXFileReference; fileEncoding = 4; lastKnownFileType = sourcecode.c.objc; path = JQFMDB.m; sourceTree = "<group>"; };
		25DC09A02068F97E00EFB510 /* JQFMDB.h */ = {isa = PBXFileReference; fileEncoding = 4; lastKnownFileType = sourcecode.c.h; path = JQFMDB.h; sourceTree = "<group>"; };
		25DC09A32068F99C00EFB510 /* FMDatabase.h */ = {isa = PBXFileReference; fileEncoding = 4; lastKnownFileType = sourcecode.c.h; path = FMDatabase.h; sourceTree = "<group>"; };
		25DC09A42068F99C00EFB510 /* FMDatabaseQueue.m */ = {isa = PBXFileReference; fileEncoding = 4; lastKnownFileType = sourcecode.c.objc; path = FMDatabaseQueue.m; sourceTree = "<group>"; };
		25DC09A52068F99C00EFB510 /* FMResultSet.h */ = {isa = PBXFileReference; fileEncoding = 4; lastKnownFileType = sourcecode.c.h; path = FMResultSet.h; sourceTree = "<group>"; };
		25DC09A62068F99C00EFB510 /* FMDatabasePool.h */ = {isa = PBXFileReference; fileEncoding = 4; lastKnownFileType = sourcecode.c.h; path = FMDatabasePool.h; sourceTree = "<group>"; };
		25DC09A72068F99C00EFB510 /* FMDatabaseAdditions.m */ = {isa = PBXFileReference; fileEncoding = 4; lastKnownFileType = sourcecode.c.objc; path = FMDatabaseAdditions.m; sourceTree = "<group>"; };
		25DC09A82068F99C00EFB510 /* FMDatabase.m */ = {isa = PBXFileReference; fileEncoding = 4; lastKnownFileType = sourcecode.c.objc; path = FMDatabase.m; sourceTree = "<group>"; };
		25DC09A92068F99C00EFB510 /* FMDatabaseQueue.h */ = {isa = PBXFileReference; fileEncoding = 4; lastKnownFileType = sourcecode.c.h; path = FMDatabaseQueue.h; sourceTree = "<group>"; };
		25DC09AA2068F99C00EFB510 /* FMDB.h */ = {isa = PBXFileReference; fileEncoding = 4; lastKnownFileType = sourcecode.c.h; path = FMDB.h; sourceTree = "<group>"; };
		25DC09AB2068F99C00EFB510 /* FMDatabaseAdditions.h */ = {isa = PBXFileReference; fileEncoding = 4; lastKnownFileType = sourcecode.c.h; path = FMDatabaseAdditions.h; sourceTree = "<group>"; };
		25DC09AC2068F99C00EFB510 /* FMDatabasePool.m */ = {isa = PBXFileReference; fileEncoding = 4; lastKnownFileType = sourcecode.c.objc; path = FMDatabasePool.m; sourceTree = "<group>"; };
		25DC09AD2068F99C00EFB510 /* FMResultSet.m */ = {isa = PBXFileReference; fileEncoding = 4; lastKnownFileType = sourcecode.c.objc; path = FMResultSet.m; sourceTree = "<group>"; };
		25DC09B32068F9AC00EFB510 /* Person.m */ = {isa = PBXFileReference; fileEncoding = 4; lastKnownFileType = sourcecode.c.objc; path = Person.m; sourceTree = "<group>"; };
		25DC09B42068F9AD00EFB510 /* Person.h */ = {isa = PBXFileReference; fileEncoding = 4; lastKnownFileType = sourcecode.c.h; path = Person.h; sourceTree = "<group>"; };
/* End PBXFileReference section */

/* Begin PBXFrameworksBuildPhase section */
		25DC09712068F8AB00EFB510 /* Frameworks */ = {
			isa = PBXFrameworksBuildPhase;
			buildActionMask = 2147483647;
			files = (
			);
			runOnlyForDeploymentPostprocessing = 0;
		};
/* End PBXFrameworksBuildPhase section */

/* Begin PBXGroup section */
		25DC096B2068F8AB00EFB510 = {
			isa = PBXGroup;
			children = (
				25DC09762068F8AB00EFB510 /* ZPMFMDB */,
				25DC09752068F8AB00EFB510 /* Products */,
			);
			sourceTree = "<group>";
		};
		25DC09752068F8AB00EFB510 /* Products */ = {
			isa = PBXGroup;
			children = (
				25DC09742068F8AB00EFB510 /* ZPMFMDB.app */,
			);
			name = Products;
			sourceTree = "<group>";
		};
		25DC09762068F8AB00EFB510 /* ZPMFMDB */ = {
			isa = PBXGroup;
			children = (
				25DC09A22068F99C00EFB510 /* FMDB */,
				25DC099E2068F97E00EFB510 /* ZPMDB */,
				25DC09772068F8AB00EFB510 /* AppDelegate.h */,
				25DC09782068F8AB00EFB510 /* AppDelegate.m */,
				25DC097A2068F8AB00EFB510 /* ViewController.h */,
				25DC097B2068F8AB00EFB510 /* ViewController.m */,
				25DC09B42068F9AD00EFB510 /* Person.h */,
				25DC09B32068F9AC00EFB510 /* Person.m */,
				25DC097D2068F8AB00EFB510 /* Main.storyboard */,
				25DC09802068F8AB00EFB510 /* Assets.xcassets */,
				25DC09822068F8AB00EFB510 /* LaunchScreen.storyboard */,
				25DC09852068F8AB00EFB510 /* Info.plist */,
				25DC09862068F8AB00EFB510 /* main.m */,
			);
			path = ZPMFMDB;
			sourceTree = "<group>";
		};
		25DC099E2068F97E00EFB510 /* ZPMDB */ = {
			isa = PBXGroup;
			children = (
				25DC099F2068F97E00EFB510 /* JQFMDB.m */,
				25DC09A02068F97E00EFB510 /* JQFMDB.h */,
			);
			path = ZPMDB;
			sourceTree = "<group>";
		};
		25DC09A22068F99C00EFB510 /* FMDB */ = {
			isa = PBXGroup;
			children = (
				25DC09A32068F99C00EFB510 /* FMDatabase.h */,
				25DC09A42068F99C00EFB510 /* FMDatabaseQueue.m */,
				25DC09A52068F99C00EFB510 /* FMResultSet.h */,
				25DC09A62068F99C00EFB510 /* FMDatabasePool.h */,
				25DC09A72068F99C00EFB510 /* FMDatabaseAdditions.m */,
				25DC09A82068F99C00EFB510 /* FMDatabase.m */,
				25DC09A92068F99C00EFB510 /* FMDatabaseQueue.h */,
				25DC09AA2068F99C00EFB510 /* FMDB.h */,
				25DC09AB2068F99C00EFB510 /* FMDatabaseAdditions.h */,
				25DC09AC2068F99C00EFB510 /* FMDatabasePool.m */,
				25DC09AD2068F99C00EFB510 /* FMResultSet.m */,
			);
			path = FMDB;
			sourceTree = "<group>";
		};
/* End PBXGroup section */

/* Begin PBXNativeTarget section */
		25DC09732068F8AB00EFB510 /* ZPMFMDB */ = {
			isa = PBXNativeTarget;
			buildConfigurationList = 25DC098A2068F8AB00EFB510 /* Build configuration list for PBXNativeTarget "ZPMFMDB" */;
			buildPhases = (
				25DC09702068F8AB00EFB510 /* Sources */,
				25DC09712068F8AB00EFB510 /* Frameworks */,
				25DC09722068F8AB00EFB510 /* Resources */,
			);
			buildRules = (
			);
			dependencies = (
			);
			name = ZPMFMDB;
			productName = ZPMFMDB;
			productReference = 25DC09742068F8AB00EFB510 /* ZPMFMDB.app */;
			productType = "com.apple.product-type.application";
		};
/* End PBXNativeTarget section */

/* Begin PBXProject section */
		25DC096C2068F8AB00EFB510 /* Project object */ = {
			isa = PBXProject;
			attributes = {
				LastUpgradeCheck = 0920;
				ORGANIZATIONNAME = "Liu Zhao";
				TargetAttributes = {
					25DC09732068F8AB00EFB510 = {
						CreatedOnToolsVersion = 9.2;
						ProvisioningStyle = Automatic;
					};
				};
			};
			buildConfigurationList = 25DC096F2068F8AB00EFB510 /* Build configuration list for PBXProject "ZPMFMDB" */;
			compatibilityVersion = "Xcode 8.0";
			developmentRegion = en;
			hasScannedForEncodings = 0;
			knownRegions = (
				en,
				Base,
			);
			mainGroup = 25DC096B2068F8AB00EFB510;
			productRefGroup = 25DC09752068F8AB00EFB510 /* Products */;
			projectDirPath = "";
			projectRoot = "";
			targets = (
				25DC09732068F8AB00EFB510 /* ZPMFMDB */,
			);
		};
/* End PBXProject section */

/* Begin PBXResourcesBuildPhase section */
		25DC09722068F8AB00EFB510 /* Resources */ = {
			isa = PBXResourcesBuildPhase;
			buildActionMask = 2147483647;
			files = (
				25DC09842068F8AB00EFB510 /* LaunchScreen.storyboard in Resources */,
				25DC09812068F8AB00EFB510 /* Assets.xcassets in Resources */,
				25DC097F2068F8AB00EFB510 /* Main.storyboard in Resources */,
			);
			runOnlyForDeploymentPostprocessing = 0;
		};
/* End PBXResourcesBuildPhase section */

/* Begin PBXSourcesBuildPhase section */
		25DC09702068F8AB00EFB510 /* Sources */ = {
			isa = PBXSourcesBuildPhase;
			buildActionMask = 2147483647;
			files = (
				25DC09AE2068F99C00EFB510 /* FMDatabaseQueue.m in Sources */,
				25DC097C2068F8AB00EFB510 /* ViewController.m in Sources */,
				25DC09B52068F9AD00EFB510 /* Person.m in Sources */,
				25DC09872068F8AB00EFB510 /* main.m in Sources */,
				25DC09B02068F99C00EFB510 /* FMDatabase.m in Sources */,
				25DC09792068F8AB00EFB510 /* AppDelegate.m in Sources */,
				25DC09B12068F99C00EFB510 /* FMDatabasePool.m in Sources */,
				25DC09B22068F99C00EFB510 /* FMResultSet.m in Sources */,
				25DC09A12068F97E00EFB510 /* JQFMDB.m in Sources */,
				25DC09AF2068F99C00EFB510 /* FMDatabaseAdditions.m in Sources */,
			);
			runOnlyForDeploymentPostprocessing = 0;
		};
/* End PBXSourcesBuildPhase section */

/* Begin PBXVariantGroup section */
		25DC097D2068F8AB00EFB510 /* Main.storyboard */ = {
			isa = PBXVariantGroup;
			children = (
				25DC097E2068F8AB00EFB510 /* Base */,
			);
			name = Main.storyboard;
			sourceTree = "<group>";
		};
		25DC09822068F8AB00EFB510 /* LaunchScreen.storyboard */ = {
			isa = PBXVariantGroup;
			children = (
				25DC09832068F8AB00EFB510 /* Base */,
			);
			name = LaunchScreen.storyboard;
			sourceTree = "<group>";
		};
/* End PBXVariantGroup section */

/* Begin XCBuildConfiguration section */
		25DC09882068F8AB00EFB510 /* Debug */ = {
			isa = XCBuildConfiguration;
			buildSettings = {
				ALWAYS_SEARCH_USER_PATHS = NO;
				CLANG_ANALYZER_NONNULL = YES;
				CLANG_ANALYZER_NUMBER_OBJECT_CONVERSION = YES_AGGRESSIVE;
				CLANG_CXX_LANGUAGE_STANDARD = "gnu++14";
				CLANG_CXX_LIBRARY = "libc++";
				CLANG_ENABLE_MODULES = YES;
				CLANG_ENABLE_OBJC_ARC = YES;
				CLANG_WARN_BLOCK_CAPTURE_AUTORELEASING = YES;
				CLANG_WARN_BOOL_CONVERSION = YES;
				CLANG_WARN_COMMA = YES;
				CLANG_WARN_CONSTANT_CONVERSION = YES;
				CLANG_WARN_DIRECT_OBJC_ISA_USAGE = YES_ERROR;
				CLANG_WARN_DOCUMENTATION_COMMENTS = YES;
				CLANG_WARN_EMPTY_BODY = YES;
				CLANG_WARN_ENUM_CONVERSION = YES;
				CLANG_WARN_INFINITE_RECURSION = YES;
				CLANG_WARN_INT_CONVERSION = YES;
				CLANG_WARN_NON_LITERAL_NULL_CONVERSION = YES;
				CLANG_WARN_OBJC_LITERAL_CONVERSION = YES;
				CLANG_WARN_OBJC_ROOT_CLASS = YES_ERROR;
				CLANG_WARN_RANGE_LOOP_ANALYSIS = YES;
				CLANG_WARN_STRICT_PROTOTYPES = YES;
				CLANG_WARN_SUSPICIOUS_MOVE = YES;
				CLANG_WARN_UNGUARDED_AVAILABILITY = YES_AGGRESSIVE;
				CLANG_WARN_UNREACHABLE_CODE = YES;
				CLANG_WARN__DUPLICATE_METHOD_MATCH = YES;
				CODE_SIGN_IDENTITY = "iPhone Developer";
				COPY_PHASE_STRIP = NO;
				DEBUG_INFORMATION_FORMAT = dwarf;
				ENABLE_STRICT_OBJC_MSGSEND = YES;
				ENABLE_TESTABILITY = YES;
				GCC_C_LANGUAGE_STANDARD = gnu11;
				GCC_DYNAMIC_NO_PIC = NO;
				GCC_NO_COMMON_BLOCKS = YES;
				GCC_OPTIMIZATION_LEVEL = 0;
				GCC_PREPROCESSOR_DEFINITIONS = (
					"DEBUG=1",
					"$(inherited)",
				);
				GCC_WARN_64_TO_32_BIT_CONVERSION = YES;
				GCC_WARN_ABOUT_RETURN_TYPE = YES_ERROR;
				GCC_WARN_UNDECLARED_SELECTOR = YES;
				GCC_WARN_UNINITIALIZED_AUTOS = YES_AGGRESSIVE;
				GCC_WARN_UNUSED_FUNCTION = YES;
				GCC_WARN_UNUSED_VARIABLE = YES;
				IPHONEOS_DEPLOYMENT_TARGET = 9.0;
				MTL_ENABLE_DEBUG_INFO = YES;
				ONLY_ACTIVE_ARCH = YES;
				SDKROOT = iphoneos;
			};
			name = Debug;
		};
		25DC09892068F8AB00EFB510 /* Release */ = {
			isa = XCBuildConfiguration;
			buildSettings = {
				ALWAYS_SEARCH_USER_PATHS = NO;
				CLANG_ANALYZER_NONNULL = YES;
				CLANG_ANALYZER_NUMBER_OBJECT_CONVERSION = YES_AGGRESSIVE;
				CLANG_CXX_LANGUAGE_STANDARD = "gnu++14";
				CLANG_CXX_LIBRARY = "libc++";
				CLANG_ENABLE_MODULES = YES;
				CLANG_ENABLE_OBJC_ARC = YES;
				CLANG_WARN_BLOCK_CAPTURE_AUTORELEASING = YES;
				CLANG_WARN_BOOL_CONVERSION = YES;
				CLANG_WARN_COMMA = YES;
				CLANG_WARN_CONSTANT_CONVERSION = YES;
				CLANG_WARN_DIRECT_OBJC_ISA_USAGE = YES_ERROR;
				CLANG_WARN_DOCUMENTATION_COMMENTS = YES;
				CLANG_WARN_EMPTY_BODY = YES;
				CLANG_WARN_ENUM_CONVERSION = YES;
				CLANG_WARN_INFINITE_RECURSION = YES;
				CLANG_WARN_INT_CONVERSION = YES;
				CLANG_WARN_NON_LITERAL_NULL_CONVERSION = YES;
				CLANG_WARN_OBJC_LITERAL_CONVERSION = YES;
				CLANG_WARN_OBJC_ROOT_CLASS = YES_ERROR;
				CLANG_WARN_RANGE_LOOP_ANALYSIS = YES;
				CLANG_WARN_STRICT_PROTOTYPES = YES;
				CLANG_WARN_SUSPICIOUS_MOVE = YES;
				CLANG_WARN_UNGUARDED_AVAILABILITY = YES_AGGRESSIVE;
				CLANG_WARN_UNREACHABLE_CODE = YES;
				CLANG_WARN__DUPLICATE_METHOD_MATCH = YES;
				CODE_SIGN_IDENTITY = "iPhone Developer";
				COPY_PHASE_STRIP = NO;
				DEBUG_INFORMATION_FORMAT = "dwarf-with-dsym";
				ENABLE_NS_ASSERTIONS = NO;
				ENABLE_STRICT_OBJC_MSGSEND = YES;
				GCC_C_LANGUAGE_STANDARD = gnu11;
				GCC_NO_COMMON_BLOCKS = YES;
				GCC_WARN_64_TO_32_BIT_CONVERSION = YES;
				GCC_WARN_ABOUT_RETURN_TYPE = YES_ERROR;
				GCC_WARN_UNDECLARED_SELECTOR = YES;
				GCC_WARN_UNINITIALIZED_AUTOS = YES_AGGRESSIVE;
				GCC_WARN_UNUSED_FUNCTION = YES;
				GCC_WARN_UNUSED_VARIABLE = YES;
				IPHONEOS_DEPLOYMENT_TARGET = 9.0;
				MTL_ENABLE_DEBUG_INFO = NO;
				SDKROOT = iphoneos;
				VALIDATE_PRODUCT = YES;
			};
			name = Release;
		};
		25DC098B2068F8AB00EFB510 /* Debug */ = {
			isa = XCBuildConfiguration;
			buildSettings = {
				ASSETCATALOG_COMPILER_APPICON_NAME = AppIcon;
				CODE_SIGN_STYLE = Automatic;
				INFOPLIST_FILE = ZPMFMDB/Info.plist;
				IPHONEOS_DEPLOYMENT_TARGET = 9.0;
				LD_RUNPATH_SEARCH_PATHS = "$(inherited) @executable_path/Frameworks";
				PRODUCT_BUNDLE_IDENTIFIER = com.zhaopin.newproject.ZPMFMDB;
				PRODUCT_NAME = "$(TARGET_NAME)";
				TARGETED_DEVICE_FAMILY = "1,2";
			};
			name = Debug;
		};
		25DC098C2068F8AB00EFB510 /* Release */ = {
			isa = XCBuildConfiguration;
			buildSettings = {
				ASSETCATALOG_COMPILER_APPICON_NAME = AppIcon;
				CODE_SIGN_STYLE = Automatic;
				INFOPLIST_FILE = ZPMFMDB/Info.plist;
				IPHONEOS_DEPLOYMENT_TARGET = 9.0;
				LD_RUNPATH_SEARCH_PATHS = "$(inherited) @executable_path/Frameworks";
				PRODUCT_BUNDLE_IDENTIFIER = com.zhaopin.newproject.ZPMFMDB;
				PRODUCT_NAME = "$(TARGET_NAME)";
				TARGETED_DEVICE_FAMILY = "1,2";
			};
			name = Release;
		};
/* End XCBuildConfiguration section */

/* Begin XCConfigurationList section */
		25DC096F2068F8AB00EFB510 /* Build configuration list for PBXProject "ZPMFMDB" */ = {
			isa = XCConfigurationList;
			buildConfigurations = (
				25DC09882068F8AB00EFB510 /* Debug */,
				25DC09892068F8AB00EFB510 /* Release */,
			);
			defaultConfigurationIsVisible = 0;
			defaultConfigurationName = Release;
		};
		25DC098A2068F8AB00EFB510 /* Build configuration list for PBXNativeTarget "ZPMFMDB" */ = {
			isa = XCConfigurationList;
			buildConfigurations = (
				25DC098B2068F8AB00EFB510 /* Debug */,
				25DC098C2068F8AB00EFB510 /* Release */,
			);
			defaultConfigurationIsVisible = 0;
			defaultConfigurationName = Release;
		};
/* End XCConfigurationList section */
	};
	rootObject = 25DC096C2068F8AB00EFB510 /* Project object */;
}
